
Microsoft Visual Studio Solution File, Format Version 12.00
# Visual Studio Version 16
VisualStudioVersion = 16.0.30717.126
MinimumVisualStudioVersion = 10.0.40219.1
Project("{FAE04EC0-301F-11D3-BF4B-00C04F79EFBC}") = "Student_Registration_WebApp", "Student_Registration_WebApp.csproj", "{2398BC60-348D-4818-84B7-B8F1524D7291}"
EndProject
Global
	GlobalSection(SolutionConfigurationPlatforms) = preSolution
		Debug|Any CPU = Debug|Any CPU
		Release|Any CPU = Release|Any CPU
	EndGlobalSection
	GlobalSection(ProjectConfigurationPlatforms) = postSolution
		{2398BC60-348D-4818-84B7-B8F1524D7291}.Debug|Any CPU.ActiveCfg = Debug|Any CPU
		{2398BC60-348D-4818-84B7-B8F1524D7291}.Debug|Any CPU.Build.0 = Debug|Any CPU
		{2398BC60-348D-4818-84B7-B8F1524D7291}.Release|Any CPU.ActiveCfg = Release|Any CPU
		{2398BC60-348D-4818-84B7-B8F1524D7291}.Release|Any CPU.Build.0 = Release|Any CPU
	EndGlobalSection
	GlobalSection(SolutionProperties) = preSolution
		HideSolutionNode = FALSE
	EndGlobalSection
	GlobalSection(ExtensibilityGlobals) = postSolution
		SolutionGuid = {2DB5C80C-0645-40F7-9907-9959A7A1A14B}
	EndGlobalSection
EndGlobal
